# This file was autogenerated by uv via the following command:
#    uv pip compile --python 3.11 /app/pipelines/heavy_deps/requirements.txt -o /app/pipelines/heavy_deps/requirements.txt.lock
aiohappyeyeballs==2.6.1
    # via aiohttp
aiohttp==3.13.3
    # via -r requirements.txt
aiosignal==1.4.0
    # via aiohttp
annotated-types==0.7.0
    # via pydantic
anyio==4.12.1
    # via httpx
attrs==25.4.0
    # via aiohttp
blinker==1.9.0
    # via flask
certifi==2026.1.4
    # via
    #   -r requirements.txt
    #   httpcore
    #   httpx
    #   requests
charset-normalizer==3.4.4
    # via
    #   -r requirements.txt
    #   requests
click==8.3.1
    # via
    #   -r requirements.txt
    #   flask
flask==3.1.2
    # via -r requirements.txt
frozenlist==1.8.0
    # via
    #   aiohttp
    #   aiosignal
h11==0.16.0
    # via httpcore
httpcore==1.0.9
    # via httpx
httpx==0.28.1
    # via -r requirements.txt
idna==3.11
    # via
    #   -r requirements.txt
    #   anyio
    #   httpx
    #   requests
    #   yarl
itsdangerous==2.2.0
    # via flask
jinja2==3.1.6
    # via
    #   -r requirements.txt
    #   flask
joblib==1.5.3
    # via scikit-learn
markdown-it-py==4.0.0
    # via rich
markupsafe==3.0.3
    # via
    #   -r requirements.txt
    #   flask
    #   jinja2
    #   werkzeug
mdurl==0.1.2
    # via markdown-it-py
multidict==6.7.0
    # via
    #   aiohttp
    #   yarl
numpy==2.4.1
    # via
    #   -r requirements.txt
    #   pandas
    #   scikit-learn
    #   scipy
pandas==3.0.0
    # via -r requirements.txt
propcache==0.4.1
    # via
    #   aiohttp
    #   yarl
pydantic==2.12.5
    # via -r requirements.txt
pydantic-core==2.41.5
    # via pydantic
pygments==2.19.2
    # via rich
python-dateutil==2.9.0.post0
    # via
    #   -r requirements.txt
    #   pandas
python-dotenv==1.2.1
    # via -r requirements.txt
pytz==2025.2
    # via -r requirements.txt
pyyaml==6.0.3
    # via -r requirements.txt
requests==2.32.5
    # via -r requirements.txt
rich==14.2.0
    # via -r requirements.txt
scikit-learn==1.8.0
    # via -r requirements.txt
scipy==1.17.0
    # via
    #   -r requirements.txt
    #   scikit-learn
six==1.17.0
    # via
    #   -r requirements.txt
    #   python-dateutil
tabulate==0.9.0
    # via -r requirements.txt
threadpoolctl==3.6.0
    # via scikit-learn
tqdm==4.67.1
    # via -r requirements.txt
typing-extensions==4.15.0
    # via
    #   -r requirements.txt
    #   aiosignal
    #   anyio
    #   pydantic
    #   pydantic-core
    #   typing-inspection
typing-inspection==0.4.2
    # via pydantic
urllib3==2.6.3
    # via
    #   -r requirements.txt
    #   requests
werkzeug==3.1.5
    # via
    #   -r requirements.txt
    #   flask
yarl==1.22.0
    # via aiohttp
